
Microsoft Visual Studio Solution File, Format Version 12.00
# Visual Studio Version 17
VisualStudioVersion = 17.6.33717.318
MinimumVisualStudioVersion = 10.0.40219.1
Project("{FAE04EC0-301F-11D3-BF4B-00C04F79EFBC}") = "testapp.Android", "testapp.Android\testapp.Android.csproj", "{10549782-1118-48E7-A73C-AE15D34D142B}"
EndProject
Project("{FAE04EC0-301F-11D3-BF4B-00C04F79EFBC}") = "testapp.iOS", "testapp.iOS\testapp.iOS.csproj", "{A56B5B55-3DF5-4513-AD39-59B4E1FDFF4A}"
EndProject
Project("{FAE04EC0-301F-11D3-BF4B-00C04F79EFBC}") = "testapp", "testapp\testapp.csproj", "{37225FBE-A25F-4C41-AE1F-23D61CA7E979}"
EndProject
Global
	GlobalSection(SolutionConfigurationPlatforms) = preSolution
		Debug|Any CPU = Debug|Any CPU
		Debug|iPhone = Debug|iPhone
		Debug|iPhoneSimulator = Debug|iPhoneSimulator
		Release|Any CPU = Release|Any CPU
		Release|iPhone = Release|iPhone
		Release|iPhoneSimulator = Release|iPhoneSimulator
	EndGlobalSection
	GlobalSection(ProjectConfigurationPlatforms) = postSolution
		{10549782-1118-48E7-A73C-AE15D34D142B}.Debug|Any CPU.ActiveCfg = Debug|Any CPU
		{10549782-1118-48E7-A73C-AE15D34D142B}.Debug|Any CPU.Build.0 = Debug|Any CPU
		{10549782-1118-48E7-A73C-AE15D34D142B}.Debug|Any CPU.Deploy.0 = Debug|Any CPU
		{10549782-1118-48E7-A73C-AE15D34D142B}.Debug|iPhone.ActiveCfg = Debug|Any CPU
		{10549782-1118-48E7-A73C-AE15D34D142B}.Debug|iPhone.Build.0 = Debug|Any CPU
		{10549782-1118-48E7-A73C-AE15D34D142B}.Debug|iPhone.Deploy.0 = Debug|Any CPU
		{10549782-1118-48E7-A73C-AE15D34D142B}.Debug|iPhoneSimulator.ActiveCfg = Debug|Any CPU
		{10549782-1118-48E7-A73C-AE15D34D142B}.Debug|iPhoneSimulator.Build.0 = Debug|Any CPU
		{10549782-1118-48E7-A73C-AE15D34D142B}.Debug|iPhoneSimulator.Deploy.0 = Debug|Any CPU
		{10549782-1118-48E7-A73C-AE15D34D142B}.Release|Any CPU.ActiveCfg = Release|Any CPU
		{10549782-1118-48E7-A73C-AE15D34D142B}.Release|Any CPU.Build.0 = Release|Any CPU
		{10549782-1118-48E7-A73C-AE15D34D142B}.Release|Any CPU.Deploy.0 = Release|Any CPU
		{10549782-1118-48E7-A73C-AE15D34D142B}.Release|iPhone.ActiveCfg = Release|Any CPU
		{10549782-1118-48E7-A73C-AE15D34D142B}.Release|iPhone.Build.0 = Release|Any CPU
		{10549782-1118-48E7-A73C-AE15D34D142B}.Release|iPhone.Deploy.0 = Release|Any CPU
		{10549782-1118-48E7-A73C-AE15D34D142B}.Release|iPhoneSimulator.ActiveCfg = Release|Any CPU
		{10549782-1118-48E7-A73C-AE15D34D142B}.Release|iPhoneSimulator.Build.0 = Release|Any CPU
		{10549782-1118-48E7-A73C-AE15D34D142B}.Release|iPhoneSimulator.Deploy.0 = Release|Any CPU
		{A56B5B55-3DF5-4513-AD39-59B4E1FDFF4A}.Debug|Any CPU.ActiveCfg = Debug|iPhone
		{A56B5B55-3DF5-4513-AD39-59B4E1FDFF4A}.Debug|Any CPU.Build.0 = Debug|iPhone
		{A56B5B55-3DF5-4513-AD39-59B4E1FDFF4A}.Debug|Any CPU.Deploy.0 = Debug|iPhone
		{A56B5B55-3DF5-4513-AD39-59B4E1FDFF4A}.Debug|iPhone.ActiveCfg = Debug|iPhone
		{A56B5B55-3DF5-4513-AD39-59B4E1FDFF4A}.Debug|iPhone.Build.0 = Debug|iPhone
		{A56B5B55-3DF5-4513-AD39-59B4E1FDFF4A}.Debug|iPhone.Deploy.0 = Debug|iPhone
		{A56B5B55-3DF5-4513-AD39-59B4E1FDFF4A}.Debug|iPhoneSimulator.ActiveCfg = Debug|iPhoneSimulator
		{A56B5B55-3DF5-4513-AD39-59B4E1FDFF4A}.Debug|iPhoneSimulator.Build.0 = Debug|iPhoneSimulator
		{A56B5B55-3DF5-4513-AD39-59B4E1FDFF4A}.Debug|iPhoneSimulator.Deploy.0 = Debug|iPhoneSimulator
		{A56B5B55-3DF5-4513-AD39-59B4E1FDFF4A}.Release|Any CPU.ActiveCfg = Release|iPhoneSimulator
		{A56B5B55-3DF5-4513-AD39-59B4E1FDFF4A}.Release|Any CPU.Build.0 = Release|iPhoneSimulator
		{A56B5B55-3DF5-4513-AD39-59B4E1FDFF4A}.Release|Any CPU.Deploy.0 = Release|iPhoneSimulator
		{A56B5B55-3DF5-4513-AD39-59B4E1FDFF4A}.Release|iPhone.ActiveCfg = Release|iPhone
		{A56B5B55-3DF5-4513-AD39-59B4E1FDFF4A}.Release|iPhone.Build.0 = Release|iPhone
		{A56B5B55-3DF5-4513-AD39-59B4E1FDFF4A}.Release|iPhone.Deploy.0 = Release|iPhone
		{A56B5B55-3DF5-4513-AD39-59B4E1FDFF4A}.Release|iPhoneSimulator.ActiveCfg = Release|iPhoneSimulator
		{A56B5B55-3DF5-4513-AD39-59B4E1FDFF4A}.Release|iPhoneSimulator.Build.0 = Release|iPhoneSimulator
		{A56B5B55-3DF5-4513-AD39-59B4E1FDFF4A}.Release|iPhoneSimulator.Deploy.0 = Release|iPhoneSimulator
		{37225FBE-A25F-4C41-AE1F-23D61CA7E979}.Debug|Any CPU.ActiveCfg = Debug|Any CPU
		{37225FBE-A25F-4C41-AE1F-23D61CA7E979}.Debug|Any CPU.Build.0 = Debug|Any CPU
		{37225FBE-A25F-4C41-AE1F-23D61CA7E979}.Debug|Any CPU.Deploy.0 = Debug|Any CPU
		{37225FBE-A25F-4C41-AE1F-23D61CA7E979}.Debug|iPhone.ActiveCfg = Debug|Any CPU
		{37225FBE-A25F-4C41-AE1F-23D61CA7E979}.Debug|iPhone.Build.0 = Debug|Any CPU
		{37225FBE-A25F-4C41-AE1F-23D61CA7E979}.Debug|iPhone.Deploy.0 = Debug|Any CPU
		{37225FBE-A25F-4C41-AE1F-23D61CA7E979}.Debug|iPhoneSimulator.ActiveCfg = Debug|Any CPU
		{37225FBE-A25F-4C41-AE1F-23D61CA7E979}.Debug|iPhoneSimulator.Build.0 = Debug|Any CPU
		{37225FBE-A25F-4C41-AE1F-23D61CA7E979}.Debug|iPhoneSimulator.Deploy.0 = Debug|Any CPU
		{37225FBE-A25F-4C41-AE1F-23D61CA7E979}.Release|Any CPU.ActiveCfg = Release|Any CPU
		{37225FBE-A25F-4C41-AE1F-23D61CA7E979}.Release|Any CPU.Build.0 = Release|Any CPU
		{37225FBE-A25F-4C41-AE1F-23D61CA7E979}.Release|Any CPU.Deploy.0 = Release|Any CPU
		{37225FBE-A25F-4C41-AE1F-23D61CA7E979}.Release|iPhone.ActiveCfg = Release|Any CPU
		{37225FBE-A25F-4C41-AE1F-23D61CA7E979}.Release|iPhone.Build.0 = Release|Any CPU
		{37225FBE-A25F-4C41-AE1F-23D61CA7E979}.Release|iPhone.Deploy.0 = Release|Any CPU
		{37225FBE-A25F-4C41-AE1F-23D61CA7E979}.Release|iPhoneSimulator.ActiveCfg = Release|Any CPU
		{37225FBE-A25F-4C41-AE1F-23D61CA7E979}.Release|iPhoneSimulator.Build.0 = Release|Any CPU
		{37225FBE-A25F-4C41-AE1F-23D61CA7E979}.Release|iPhoneSimulator.Deploy.0 = Release|Any CPU
	EndGlobalSection
	GlobalSection(SolutionProperties) = preSolution
		HideSolutionNode = FALSE
	EndGlobalSection
	GlobalSection(ExtensibilityGlobals) = postSolution
		SolutionGuid = {5176DEA9-9FDE-4F63-9799-0985C0A030B0}
	EndGlobalSection
EndGlobal
